
Microsoft Visual Studio Solution File, Format Version 12.00
# Visual Studio Version 17
VisualStudioVersion = 17.2.32630.192
MinimumVisualStudioVersion = 10.0.40219.1
Project("{9A19103F-16F7-4668-BE54-9A1E7A4F7556}") = "CrashNest", "CrashNest\CrashNest.csproj", "{F61A7181-519F-4EB0-BE79-5F66726A2880}"
EndProject
Project("{9A19103F-16F7-4668-BE54-9A1E7A4F7556}") = "CrashNest.Common", "CrashNest.Common\CrashNest.Common.csproj", "{7CA50B40-1692-4F73-922C-AE232EE696E8}"
EndProject
Project("{9A19103F-16F7-4668-BE54-9A1E7A4F7556}") = "CrashNest.Storage", "CrashNest.Storage\CrashNest.Storage.csproj", "{C353C9BE-3FE2-4139-97D3-D5F339CBD396}"
EndProject
Project("{2150E333-8FDC-42A3-9474-1A3956D46DE8}") = "Solution Items", "Solution Items", "{B78AE937-C66D-46FD-BB94-D740061C1F12}"
	ProjectSection(SolutionItems) = preProject
		.editorconfig = .editorconfig
	EndProjectSection
EndProject
Global
	GlobalSection(SolutionConfigurationPlatforms) = preSolution
		Debug|Any CPU = Debug|Any CPU
		Release|Any CPU = Release|Any CPU
	EndGlobalSection
	GlobalSection(ProjectConfigurationPlatforms) = postSolution
		{F61A7181-519F-4EB0-BE79-5F66726A2880}.Debug|Any CPU.ActiveCfg = Debug|Any CPU
		{F61A7181-519F-4EB0-BE79-5F66726A2880}.Debug|Any CPU.Build.0 = Debug|Any CPU
		{F61A7181-519F-4EB0-BE79-5F66726A2880}.Release|Any CPU.ActiveCfg = Release|Any CPU
		{F61A7181-519F-4EB0-BE79-5F66726A2880}.Release|Any CPU.Build.0 = Release|Any CPU
		{7CA50B40-1692-4F73-922C-AE232EE696E8}.Debug|Any CPU.ActiveCfg = Debug|Any CPU
		{7CA50B40-1692-4F73-922C-AE232EE696E8}.Debug|Any CPU.Build.0 = Debug|Any CPU
		{7CA50B40-1692-4F73-922C-AE232EE696E8}.Release|Any CPU.ActiveCfg = Release|Any CPU
		{7CA50B40-1692-4F73-922C-AE232EE696E8}.Release|Any CPU.Build.0 = Release|Any CPU
		{C353C9BE-3FE2-4139-97D3-D5F339CBD396}.Debug|Any CPU.ActiveCfg = Debug|Any CPU
		{C353C9BE-3FE2-4139-97D3-D5F339CBD396}.Debug|Any CPU.Build.0 = Debug|Any CPU
		{C353C9BE-3FE2-4139-97D3-D5F339CBD396}.Release|Any CPU.ActiveCfg = Release|Any CPU
		{C353C9BE-3FE2-4139-97D3-D5F339CBD396}.Release|Any CPU.Build.0 = Release|Any CPU
	EndGlobalSection
	GlobalSection(SolutionProperties) = preSolution
		HideSolutionNode = FALSE
	EndGlobalSection
	GlobalSection(ExtensibilityGlobals) = postSolution
		SolutionGuid = {4E95862C-1176-43F4-9F0F-1C292ECA9085}
	EndGlobalSection
EndGlobal
